
Microsoft Visual Studio Solution File, Format Version 12.00
# Visual Studio Version 17
VisualStudioVersion = 17.0.31903.59
MinimumVisualStudioVersion = 10.0.40219.1
Project("{FAE04EC0-301F-11D3-BF4B-00C04F79EFBC}") = "PrimeService", "PrimeService\PrimeService.csproj", "{F041C583-7D8F-4D28-B775-0FDEF0796058}"
EndProject
Project("{FAE04EC0-301F-11D3-BF4B-00C04F79EFBC}") = "PrimeService.Tests", "PrimeService.Tests\PrimeService.Tests.csproj", "{A8DF80CC-C563-4A9A-9F8D-94889CA06B05}"
EndProject
Global
	GlobalSection(SolutionConfigurationPlatforms) = preSolution
		Debug|Any CPU = Debug|Any CPU
		Release|Any CPU = Release|Any CPU
	EndGlobalSection
	GlobalSection(SolutionProperties) = preSolution
		HideSolutionNode = FALSE
	EndGlobalSection
	GlobalSection(ProjectConfigurationPlatforms) = postSolution
		{F041C583-7D8F-4D28-B775-0FDEF0796058}.Debug|Any CPU.ActiveCfg = Debug|Any CPU
		{F041C583-7D8F-4D28-B775-0FDEF0796058}.Debug|Any CPU.Build.0 = Debug|Any CPU
		{F041C583-7D8F-4D28-B775-0FDEF0796058}.Release|Any CPU.ActiveCfg = Release|Any CPU
		{F041C583-7D8F-4D28-B775-0FDEF0796058}.Release|Any CPU.Build.0 = Release|Any CPU
		{A8DF80CC-C563-4A9A-9F8D-94889CA06B05}.Debug|Any CPU.ActiveCfg = Debug|Any CPU
		{A8DF80CC-C563-4A9A-9F8D-94889CA06B05}.Debug|Any CPU.Build.0 = Debug|Any CPU
		{A8DF80CC-C563-4A9A-9F8D-94889CA06B05}.Release|Any CPU.ActiveCfg = Release|Any CPU
		{A8DF80CC-C563-4A9A-9F8D-94889CA06B05}.Release|Any CPU.Build.0 = Release|Any CPU
	EndGlobalSection
EndGlobal
